
Microsoft Visual Studio Solution File, Format Version 12.00
# Visual Studio Version 17
VisualStudioVersion = 17.13.35806.99 d17.13
MinimumVisualStudioVersion = 10.0.40219.1
Project("{FAE04EC0-301F-11D3-BF4B-00C04F79EFBC}") = "AppOrganizaciónPendientes", "AppOrganizaciónPendientes.csproj", "{AADE4EA9-9ED2-46A6-88DD-68588868F2CC}"
EndProject
Global
	GlobalSection(SolutionConfigurationPlatforms) = preSolution
		Debug|Any CPU = Debug|Any CPU
		Release|Any CPU = Release|Any CPU
	EndGlobalSection
	GlobalSection(ProjectConfigurationPlatforms) = postSolution
		{AADE4EA9-9ED2-46A6-88DD-68588868F2CC}.Debug|Any CPU.ActiveCfg = Debug|Any CPU
		{AADE4EA9-9ED2-46A6-88DD-68588868F2CC}.Debug|Any CPU.Build.0 = Debug|Any CPU
		{AADE4EA9-9ED2-46A6-88DD-68588868F2CC}.Release|Any CPU.ActiveCfg = Release|Any CPU
		{AADE4EA9-9ED2-46A6-88DD-68588868F2CC}.Release|Any CPU.Build.0 = Release|Any CPU
	EndGlobalSection
	GlobalSection(SolutionProperties) = preSolution
		HideSolutionNode = FALSE
	EndGlobalSection
	GlobalSection(ExtensibilityGlobals) = postSolution
		SolutionGuid = {FCFCF1C2-F4E0-4A4B-A25A-7C40015BD18E}
	EndGlobalSection
EndGlobal
